// !$*UTF8*$!
{
	archiveVersion = 1;
	classes = {
	};
	objectVersion = 46;
	objects = {

/* Begin PBXBuildFile section */
		D2A648EE13F58B3A006921A1 /* Cocoa.framework in Frameworks */ = {isa = PBXBuildFile; fileRef = D2A648ED13F58B3A006921A1 /* Cocoa.framework */; };
		D2A648F813F58B3A006921A1 /* InfoPlist.strings in Resources */ = {isa = PBXBuildFile; fileRef = D2A648F613F58B3A006921A1 /* InfoPlist.strings */; };
		D2A648FB13F58B3A006921A1 /* main.m in Sources */ = {isa = PBXBuildFile; fileRef = D2A648FA13F58B3A006921A1 /* main.m */; };
		D2A648FE13F58B3A006921A1 /* Credits.rtf in Resources */ = {isa = PBXBuildFile; fileRef = D2A648FC13F58B3A006921A1 /* Credits.rtf */; };
		D2A6490113F58B3A006921A1 /* NSArrayExtensionsAppDelegate.m in Sources */ = {isa = PBXBuildFile; fileRef = D2A6490013F58B3A006921A1 /* NSArrayExtensionsAppDelegate.m */; };
		D2A6490413F58B3A006921A1 /* MainMenu.xib in Resources */ = {isa = PBXBuildFile; fileRef = D2A6490213F58B3A006921A1 /* MainMenu.xib */; };
		D2A6490B13F58B3A006921A1 /* Cocoa.framework in Frameworks */ = {isa = PBXBuildFile; fileRef = D2A648ED13F58B3A006921A1 /* Cocoa.framework */; };
		D2A6491313F58B3A006921A1 /* InfoPlist.strings in Resources */ = {isa = PBXBuildFile; fileRef = D2A6491113F58B3A006921A1 /* InfoPlist.strings */; };
		D2A6491613F58B3A006921A1 /* NSArrayExtensionsTests.h in Resources */ = {isa = PBXBuildFile; fileRef = D2A6491513F58B3A006921A1 /* NSArrayExtensionsTests.h */; };
		D2A6491813F58B3A006921A1 /* NSArrayExtensionsTests.m in Sources */ = {isa = PBXBuildFile; fileRef = D2A6491713F58B3A006921A1 /* NSArrayExtensionsTests.m */; };
		D2A6492313F58B4E006921A1 /* NSArray+Extensions.m in Sources */ = {isa = PBXBuildFile; fileRef = D2A6492213F58B4E006921A1 /* NSArray+Extensions.m */; };
		D2A64A8413F744EB006921A1 /* Person.m in Sources */ = {isa = PBXBuildFile; fileRef = D2A64A8313F744EB006921A1 /* Person.m */; };
/* End PBXBuildFile section */

/* Begin PBXContainerItemProxy section */
		D2A6490C13F58B3A006921A1 /* PBXContainerItemProxy */ = {
			isa = PBXContainerItemProxy;
			containerPortal = D2A648E013F58B3A006921A1 /* Project object */;
			proxyType = 1;
			remoteGlobalIDString = D2A648E813F58B3A006921A1;
			remoteInfo = NSArrayExtensions;
		};
/* End PBXContainerItemProxy section */

/* Begin PBXFileReference section */
		D2A648E913F58B3A006921A1 /* NSArrayExtensions.app */ = {isa = PBXFileReference; explicitFileType = wrapper.application; includeInIndex = 0; path = NSArrayExtensions.app; sourceTree = BUILT_PRODUCTS_DIR; };
		D2A648ED13F58B3A006921A1 /* Cocoa.framework */ = {isa = PBXFileReference; lastKnownFileType = wrapper.framework; name = Cocoa.framework; path = System/Library/Frameworks/Cocoa.framework; sourceTree = SDKROOT; };
		D2A648F013F58B3A006921A1 /* AppKit.framework */ = {isa = PBXFileReference; lastKnownFileType = wrapper.framework; name = AppKit.framework; path = System/Library/Frameworks/AppKit.framework; sourceTree = SDKROOT; };
		D2A648F113F58B3A006921A1 /* CoreData.framework */ = {isa = PBXFileReference; lastKnownFileType = wrapper.framework; name = CoreData.framework; path = System/Library/Frameworks/CoreData.framework; sourceTree = SDKROOT; };
		D2A648F213F58B3A006921A1 /* Foundation.framework */ = {isa = PBXFileReference; lastKnownFileType = wrapper.framework; name = Foundation.framework; path = System/Library/Frameworks/Foundation.framework; sourceTree = SDKROOT; };
		D2A648F513F58B3A006921A1 /* NSArrayExtensions-Info.plist */ = {isa = PBXFileReference; lastKnownFileType = text.plist.xml; path = "NSArrayExtensions-Info.plist"; sourceTree = "<group>"; };
		D2A648F713F58B3A006921A1 /* en */ = {isa = PBXFileReference; lastKnownFileType = text.plist.strings; name = en; path = en.lproj/InfoPlist.strings; sourceTree = "<group>"; };
		D2A648F913F58B3A006921A1 /* NSArrayExtensions-Prefix.pch */ = {isa = PBXFileReference; lastKnownFileType = sourcecode.c.h; path = "NSArrayExtensions-Prefix.pch"; sourceTree = "<group>"; };
		D2A648FA13F58B3A006921A1 /* main.m */ = {isa = PBXFileReference; lastKnownFileType = sourcecode.c.objc; path = main.m; sourceTree = "<group>"; };
		D2A648FD13F58B3A006921A1 /* en */ = {isa = PBXFileReference; lastKnownFileType = text.rtf; name = en; path = en.lproj/Credits.rtf; sourceTree = "<group>"; };
		D2A648FF13F58B3A006921A1 /* NSArrayExtensionsAppDelegate.h */ = {isa = PBXFileReference; lastKnownFileType = sourcecode.c.h; path = NSArrayExtensionsAppDelegate.h; sourceTree = "<group>"; };
		D2A6490013F58B3A006921A1 /* NSArrayExtensionsAppDelegate.m */ = {isa = PBXFileReference; lastKnownFileType = sourcecode.c.objc; path = NSArrayExtensionsAppDelegate.m; sourceTree = "<group>"; };
		D2A6490313F58B3A006921A1 /* en */ = {isa = PBXFileReference; lastKnownFileType = file.xib; name = en; path = en.lproj/MainMenu.xib; sourceTree = "<group>"; };
		D2A6490A13F58B3A006921A1 /* NSArrayExtensionsTests.octest */ = {isa = PBXFileReference; explicitFileType = wrapper.cfbundle; includeInIndex = 0; path = NSArrayExtensionsTests.octest; sourceTree = BUILT_PRODUCTS_DIR; };
		D2A6491013F58B3A006921A1 /* NSArrayExtensionsTests-Info.plist */ = {isa = PBXFileReference; lastKnownFileType = text.plist.xml; path = "NSArrayExtensionsTests-Info.plist"; sourceTree = "<group>"; };
		D2A6491213F58B3A006921A1 /* en */ = {isa = PBXFileReference; lastKnownFileType = text.plist.strings; name = en; path = en.lproj/InfoPlist.strings; sourceTree = "<group>"; };
		D2A6491413F58B3A006921A1 /* NSArrayExtensionsTests-Prefix.pch */ = {isa = PBXFileReference; lastKnownFileType = sourcecode.c.h; path = "NSArrayExtensionsTests-Prefix.pch"; sourceTree = "<group>"; };
		D2A6491513F58B3A006921A1 /* NSArrayExtensionsTests.h */ = {isa = PBXFileReference; lastKnownFileType = sourcecode.c.h; path = NSArrayExtensionsTests.h; sourceTree = "<group>"; };
		D2A6491713F58B3A006921A1 /* NSArrayExtensionsTests.m */ = {isa = PBXFileReference; lastKnownFileType = sourcecode.c.objc; path = NSArrayExtensionsTests.m; sourceTree = "<group>"; };
		D2A6492113F58B4E006921A1 /* NSArray+Extensions.h */ = {isa = PBXFileReference; fileEncoding = 4; lastKnownFileType = sourcecode.c.h; path = "NSArray+Extensions.h"; sourceTree = "<group>"; };
		D2A6492213F58B4E006921A1 /* NSArray+Extensions.m */ = {isa = PBXFileReference; fileEncoding = 4; lastKnownFileType = sourcecode.c.objc; path = "NSArray+Extensions.m"; sourceTree = "<group>"; };
		D2A64A8213F744EB006921A1 /* Person.h */ = {isa = PBXFileReference; fileEncoding = 4; lastKnownFileType = sourcecode.c.h; path = Person.h; sourceTree = "<group>"; };
		D2A64A8313F744EB006921A1 /* Person.m */ = {isa = PBXFileReference; fileEncoding = 4; lastKnownFileType = sourcecode.c.objc; path = Person.m; sourceTree = "<group>"; };
/* End PBXFileReference section */

/* Begin PBXFrameworksBuildPhase section */
		D2A648E613F58B3A006921A1 /* Frameworks */ = {
			isa = PBXFrameworksBuildPhase;
			buildActionMask = 2147483647;
			files = (
				D2A648EE13F58B3A006921A1 /* Cocoa.framework in Frameworks */,
			);
			runOnlyForDeploymentPostprocessing = 0;
		};
		D2A6490613F58B3A006921A1 /* Frameworks */ = {
			isa = PBXFrameworksBuildPhase;
			buildActionMask = 2147483647;
			files = (
				D2A6490B13F58B3A006921A1 /* Cocoa.framework in Frameworks */,
			);
			runOnlyForDeploymentPostprocessing = 0;
		};
/* End PBXFrameworksBuildPhase section */

/* Begin PBXGroup section */
		D2A648DE13F58B3A006921A1 = {
			isa = PBXGroup;
			children = (
				D2A648F313F58B3A006921A1 /* NSArrayExtensions */,
				D2A6490E13F58B3A006921A1 /* NSArrayExtensionsTests */,
				D2A648EC13F58B3A006921A1 /* Frameworks */,
				D2A648EA13F58B3A006921A1 /* Products */,
			);
			sourceTree = "<group>";
		};
		D2A648EA13F58B3A006921A1 /* Products */ = {
			isa = PBXGroup;
			children = (
				D2A648E913F58B3A006921A1 /* NSArrayExtensions.app */,
				D2A6490A13F58B3A006921A1 /* NSArrayExtensionsTests.octest */,
			);
			name = Products;
			sourceTree = "<group>";
		};
		D2A648EC13F58B3A006921A1 /* Frameworks */ = {
			isa = PBXGroup;
			children = (
				D2A648ED13F58B3A006921A1 /* Cocoa.framework */,
				D2A648EF13F58B3A006921A1 /* Other Frameworks */,
			);
			name = Frameworks;
			sourceTree = "<group>";
		};
		D2A648EF13F58B3A006921A1 /* Other Frameworks */ = {
			isa = PBXGroup;
			children = (
				D2A648F013F58B3A006921A1 /* AppKit.framework */,
				D2A648F113F58B3A006921A1 /* CoreData.framework */,
				D2A648F213F58B3A006921A1 /* Foundation.framework */,
			);
			name = "Other Frameworks";
			sourceTree = "<group>";
		};
		D2A648F313F58B3A006921A1 /* NSArrayExtensions */ = {
			isa = PBXGroup;
			children = (
				D2A648FF13F58B3A006921A1 /* NSArrayExtensionsAppDelegate.h */,
				D2A6490013F58B3A006921A1 /* NSArrayExtensionsAppDelegate.m */,
				D2A6490213F58B3A006921A1 /* MainMenu.xib */,
				D2A648F413F58B3A006921A1 /* Supporting Files */,
				D2A6492113F58B4E006921A1 /* NSArray+Extensions.h */,
				D2A6492213F58B4E006921A1 /* NSArray+Extensions.m */,
			);
			path = NSArrayExtensions;
			sourceTree = "<group>";
		};
		D2A648F413F58B3A006921A1 /* Supporting Files */ = {
			isa = PBXGroup;
			children = (
				D2A648F513F58B3A006921A1 /* NSArrayExtensions-Info.plist */,
				D2A648F613F58B3A006921A1 /* InfoPlist.strings */,
				D2A648F913F58B3A006921A1 /* NSArrayExtensions-Prefix.pch */,
				D2A648FA13F58B3A006921A1 /* main.m */,
				D2A648FC13F58B3A006921A1 /* Credits.rtf */,
			);
			name = "Supporting Files";
			sourceTree = "<group>";
		};
		D2A6490E13F58B3A006921A1 /* NSArrayExtensionsTests */ = {
			isa = PBXGroup;
			children = (
				D2A6491513F58B3A006921A1 /* NSArrayExtensionsTests.h */,
				D2A6491713F58B3A006921A1 /* NSArrayExtensionsTests.m */,
				D2A6490F13F58B3A006921A1 /* Supporting Files */,
				D2A64A8213F744EB006921A1 /* Person.h */,
				D2A64A8313F744EB006921A1 /* Person.m */,
			);
			path = NSArrayExtensionsTests;
			sourceTree = "<group>";
		};
		D2A6490F13F58B3A006921A1 /* Supporting Files */ = {
			isa = PBXGroup;
			children = (
				D2A6491013F58B3A006921A1 /* NSArrayExtensionsTests-Info.plist */,
				D2A6491113F58B3A006921A1 /* InfoPlist.strings */,
				D2A6491413F58B3A006921A1 /* NSArrayExtensionsTests-Prefix.pch */,
			);
			name = "Supporting Files";
			sourceTree = "<group>";
		};
/* End PBXGroup section */

/* Begin PBXNativeTarget section */
		D2A648E813F58B3A006921A1 /* NSArrayExtensions */ = {
			isa = PBXNativeTarget;
			buildConfigurationList = D2A6491B13F58B3A006921A1 /* Build configuration list for PBXNativeTarget "NSArrayExtensions" */;
			buildPhases = (
				D2A648E513F58B3A006921A1 /* Sources */,
				D2A648E613F58B3A006921A1 /* Frameworks */,
				D2A648E713F58B3A006921A1 /* Resources */,
			);
			buildRules = (
			);
			dependencies = (
			);
			name = NSArrayExtensions;
			productName = NSArrayExtensions;
			productReference = D2A648E913F58B3A006921A1 /* NSArrayExtensions.app */;
			productType = "com.apple.product-type.application";
		};
		D2A6490913F58B3A006921A1 /* NSArrayExtensionsTests */ = {
			isa = PBXNativeTarget;
			buildConfigurationList = D2A6491E13F58B3A006921A1 /* Build configuration list for PBXNativeTarget "NSArrayExtensionsTests" */;
			buildPhases = (
				D2A6490513F58B3A006921A1 /* Sources */,
				D2A6490613F58B3A006921A1 /* Frameworks */,
				D2A6490713F58B3A006921A1 /* Resources */,
				D2A6490813F58B3A006921A1 /* ShellScript */,
			);
			buildRules = (
			);
			dependencies = (
				D2A6490D13F58B3A006921A1 /* PBXTargetDependency */,
			);
			name = NSArrayExtensionsTests;
			productName = NSArrayExtensionsTests;
			productReference = D2A6490A13F58B3A006921A1 /* NSArrayExtensionsTests.octest */;
			productType = "com.apple.product-type.bundle";
		};
/* End PBXNativeTarget section */

/* Begin PBXProject section */
		D2A648E013F58B3A006921A1 /* Project object */ = {
			isa = PBXProject;
			attributes = {
				ORGANIZATIONNAME = "Noah Santorello";
			};
			buildConfigurationList = D2A648E313F58B3A006921A1 /* Build configuration list for PBXProject "NSArrayExtensions" */;
			compatibilityVersion = "Xcode 3.2";
			developmentRegion = English;
			hasScannedForEncodings = 0;
			knownRegions = (
				en,
			);
			mainGroup = D2A648DE13F58B3A006921A1;
			productRefGroup = D2A648EA13F58B3A006921A1 /* Products */;
			projectDirPath = "";
			projectRoot = "";
			targets = (
				D2A648E813F58B3A006921A1 /* NSArrayExtensions */,
				D2A6490913F58B3A006921A1 /* NSArrayExtensionsTests */,
			);
		};
/* End PBXProject section */

/* Begin PBXResourcesBuildPhase section */
		D2A648E713F58B3A006921A1 /* Resources */ = {
			isa = PBXResourcesBuildPhase;
			buildActionMask = 2147483647;
			files = (
				D2A648F813F58B3A006921A1 /* InfoPlist.strings in Resources */,
				D2A648FE13F58B3A006921A1 /* Credits.rtf in Resources */,
				D2A6490413F58B3A006921A1 /* MainMenu.xib in Resources */,
			);
			runOnlyForDeploymentPostprocessing = 0;
		};
		D2A6490713F58B3A006921A1 /* Resources */ = {
			isa = PBXResourcesBuildPhase;
			buildActionMask = 2147483647;
			files = (
				D2A6491313F58B3A006921A1 /* InfoPlist.strings in Resources */,
				D2A6491613F58B3A006921A1 /* NSArrayExtensionsTests.h in Resources */,
			);
			runOnlyForDeploymentPostprocessing = 0;
		};
/* End PBXResourcesBuildPhase section */

/* Begin PBXShellScriptBuildPhase section */
		D2A6490813F58B3A006921A1 /* ShellScript */ = {
			isa = PBXShellScriptBuildPhase;
			buildActionMask = 2147483647;
			files = (
			);
			inputPaths = (
			);
			outputPaths = (
			);
			runOnlyForDeploymentPostprocessing = 0;
			shellPath = /bin/sh;
			shellScript = "# Run the unit tests in this test bundle.\n\"${SYSTEM_DEVELOPER_DIR}/Tools/RunUnitTests\"\n";
		};
/* End PBXShellScriptBuildPhase section */

/* Begin PBXSourcesBuildPhase section */
		D2A648E513F58B3A006921A1 /* Sources */ = {
			isa = PBXSourcesBuildPhase;
			buildActionMask = 2147483647;
			files = (
				D2A648FB13F58B3A006921A1 /* main.m in Sources */,
				D2A6490113F58B3A006921A1 /* NSArrayExtensionsAppDelegate.m in Sources */,
				D2A6492313F58B4E006921A1 /* NSArray+Extensions.m in Sources */,
				D2A64A8413F744EB006921A1 /* Person.m in Sources */,
			);
			runOnlyForDeploymentPostprocessing = 0;
		};
		D2A6490513F58B3A006921A1 /* Sources */ = {
			isa = PBXSourcesBuildPhase;
			buildActionMask = 2147483647;
			files = (
				D2A6491813F58B3A006921A1 /* NSArrayExtensionsTests.m in Sources */,
			);
			runOnlyForDeploymentPostprocessing = 0;
		};
/* End PBXSourcesBuildPhase section */

/* Begin PBXTargetDependency section */
		D2A6490D13F58B3A006921A1 /* PBXTargetDependency */ = {
			isa = PBXTargetDependency;
			target = D2A648E813F58B3A006921A1 /* NSArrayExtensions */;
			targetProxy = D2A6490C13F58B3A006921A1 /* PBXContainerItemProxy */;
		};
/* End PBXTargetDependency section */

/* Begin PBXVariantGroup section */
		D2A648F613F58B3A006921A1 /* InfoPlist.strings */ = {
			isa = PBXVariantGroup;
			children = (
				D2A648F713F58B3A006921A1 /* en */,
			);
			name = InfoPlist.strings;
			sourceTree = "<group>";
		};
		D2A648FC13F58B3A006921A1 /* Credits.rtf */ = {
			isa = PBXVariantGroup;
			children = (
				D2A648FD13F58B3A006921A1 /* en */,
			);
			name = Credits.rtf;
			sourceTree = "<group>";
		};
		D2A6490213F58B3A006921A1 /* MainMenu.xib */ = {
			isa = PBXVariantGroup;
			children = (
				D2A6490313F58B3A006921A1 /* en */,
			);
			name = MainMenu.xib;
			sourceTree = "<group>";
		};
		D2A6491113F58B3A006921A1 /* InfoPlist.strings */ = {
			isa = PBXVariantGroup;
			children = (
				D2A6491213F58B3A006921A1 /* en */,
			);
			name = InfoPlist.strings;
			sourceTree = "<group>";
		};
/* End PBXVariantGroup section */

/* Begin XCBuildConfiguration section */
		D2A6491913F58B3A006921A1 /* Debug */ = {
			isa = XCBuildConfiguration;
			buildSettings = {
				ARCHS = "$(ARCHS_STANDARD_32_64_BIT)";
				GCC_C_LANGUAGE_STANDARD = gnu99;
				GCC_OPTIMIZATION_LEVEL = 0;
				GCC_PREPROCESSOR_DEFINITIONS = DEBUG;
				GCC_SYMBOLS_PRIVATE_EXTERN = NO;
				GCC_VERSION = com.apple.compilers.llvm.clang.1_0;
				GCC_WARN_64_TO_32_BIT_CONVERSION = YES;
				GCC_WARN_ABOUT_RETURN_TYPE = YES;
				GCC_WARN_UNUSED_VARIABLE = YES;
				MACOSX_DEPLOYMENT_TARGET = 10.6;
				ONLY_ACTIVE_ARCH = YES;
				SDKROOT = macosx;
			};
			name = Debug;
		};
		D2A6491A13F58B3A006921A1 /* Release */ = {
			isa = XCBuildConfiguration;
			buildSettings = {
				ARCHS = "$(ARCHS_STANDARD_32_64_BIT)";
				GCC_C_LANGUAGE_STANDARD = gnu99;
				GCC_VERSION = com.apple.compilers.llvm.clang.1_0;
				GCC_WARN_64_TO_32_BIT_CONVERSION = YES;
				GCC_WARN_ABOUT_RETURN_TYPE = YES;
				GCC_WARN_UNUSED_VARIABLE = YES;
				MACOSX_DEPLOYMENT_TARGET = 10.6;
				SDKROOT = macosx;
			};
			name = Release;
		};
		D2A6491C13F58B3A006921A1 /* Debug */ = {
			isa = XCBuildConfiguration;
			buildSettings = {
				ALWAYS_SEARCH_USER_PATHS = NO;
				COPY_PHASE_STRIP = NO;
				GCC_DYNAMIC_NO_PIC = NO;
				GCC_ENABLE_OBJC_EXCEPTIONS = YES;
				GCC_PRECOMPILE_PREFIX_HEADER = YES;
				GCC_PREFIX_HEADER = "NSArrayExtensions/NSArrayExtensions-Prefix.pch";
				INFOPLIST_FILE = "NSArrayExtensions/NSArrayExtensions-Info.plist";
				PRODUCT_NAME = "$(TARGET_NAME)";
				WRAPPER_EXTENSION = app;
			};
			name = Debug;
		};
		D2A6491D13F58B3A006921A1 /* Release */ = {
			isa = XCBuildConfiguration;
			buildSettings = {
				ALWAYS_SEARCH_USER_PATHS = NO;
				COPY_PHASE_STRIP = YES;
				DEBUG_INFORMATION_FORMAT = "dwarf-with-dsym";
				GCC_ENABLE_OBJC_EXCEPTIONS = YES;
				GCC_PRECOMPILE_PREFIX_HEADER = YES;
				GCC_PREFIX_HEADER = "NSArrayExtensions/NSArrayExtensions-Prefix.pch";
				INFOPLIST_FILE = "NSArrayExtensions/NSArrayExtensions-Info.plist";
				PRODUCT_NAME = "$(TARGET_NAME)";
				WRAPPER_EXTENSION = app;
			};
			name = Release;
		};
		D2A6491F13F58B3A006921A1 /* Debug */ = {
			isa = XCBuildConfiguration;
			buildSettings = {
				ALWAYS_SEARCH_USER_PATHS = NO;
				BUNDLE_LOADER = "$(BUILT_PRODUCTS_DIR)/NSArrayExtensions.app/Contents/MacOS/NSArrayExtensions";
				COPY_PHASE_STRIP = NO;
				FRAMEWORK_SEARCH_PATHS = "$(DEVELOPER_LIBRARY_DIR)/Frameworks";
				GCC_DYNAMIC_NO_PIC = NO;
				GCC_ENABLE_OBJC_EXCEPTIONS = YES;
				GCC_PRECOMPILE_PREFIX_HEADER = YES;
				GCC_PREFIX_HEADER = "NSArrayExtensionsTests/NSArrayExtensionsTests-Prefix.pch";
				INFOPLIST_FILE = "NSArrayExtensionsTests/NSArrayExtensionsTests-Info.plist";
				OTHER_LDFLAGS = (
					"-framework",
					SenTestingKit,
				);
				PRODUCT_NAME = "$(TARGET_NAME)";
				TEST_HOST = "$(BUNDLE_LOADER)";
				WRAPPER_EXTENSION = octest;
			};
			name = Debug;
		};
		D2A6492013F58B3A006921A1 /* Release */ = {
			isa = XCBuildConfiguration;
			buildSettings = {
				ALWAYS_SEARCH_USER_PATHS = NO;
				BUNDLE_LOADER = "$(BUILT_PRODUCTS_DIR)/NSArrayExtensions.app/Contents/MacOS/NSArrayExtensions";
				COPY_PHASE_STRIP = YES;
				DEBUG_INFORMATION_FORMAT = "dwarf-with-dsym";
				FRAMEWORK_SEARCH_PATHS = "$(DEVELOPER_LIBRARY_DIR)/Frameworks";
				GCC_ENABLE_OBJC_EXCEPTIONS = YES;
				GCC_PRECOMPILE_PREFIX_HEADER = YES;
				GCC_PREFIX_HEADER = "NSArrayExtensionsTests/NSArrayExtensionsTests-Prefix.pch";
				INFOPLIST_FILE = "NSArrayExtensionsTests/NSArrayExtensionsTests-Info.plist";
				OTHER_LDFLAGS = (
					"-framework",
					SenTestingKit,
				);
				PRODUCT_NAME = "$(TARGET_NAME)";
				TEST_HOST = "$(BUNDLE_LOADER)";
				WRAPPER_EXTENSION = octest;
			};
			name = Release;
		};
/* End XCBuildConfiguration section */

/* Begin XCConfigurationList section */
		D2A648E313F58B3A006921A1 /* Build configuration list for PBXProject "NSArrayExtensions" */ = {
			isa = XCConfigurationList;
			buildConfigurations = (
				D2A6491913F58B3A006921A1 /* Debug */,
				D2A6491A13F58B3A006921A1 /* Release */,
			);
			defaultConfigurationIsVisible = 0;
			defaultConfigurationName = Release;
		};
		D2A6491B13F58B3A006921A1 /* Build configuration list for PBXNativeTarget "NSArrayExtensions" */ = {
			isa = XCConfigurationList;
			buildConfigurations = (
				D2A6491C13F58B3A006921A1 /* Debug */,
				D2A6491D13F58B3A006921A1 /* Release */,
			);
			defaultConfigurationIsVisible = 0;
			defaultConfigurationName = Release;
		};
		D2A6491E13F58B3A006921A1 /* Build configuration list for PBXNativeTarget "NSArrayExtensionsTests" */ = {
			isa = XCConfigurationList;
			buildConfigurations = (
				D2A6491F13F58B3A006921A1 /* Debug */,
				D2A6492013F58B3A006921A1 /* Release */,
			);
			defaultConfigurationIsVisible = 0;
			defaultConfigurationName = Release;
		};
/* End XCConfigurationList section */
	};
	rootObject = D2A648E013F58B3A006921A1 /* Project object */;
}
